
Microsoft Visual Studio Solution File, Format Version 12.00
# Visual Studio Version 16
VisualStudioVersion = 16.0.30114.105
MinimumVisualStudioVersion = 10.0.40219.1
Project("{FAE04EC0-301F-11D3-BF4B-00C04F79EFBC}") = "DeployWeb", "DeployWeb.csproj", "{C8FCBAE6-3568-4316-9023-CC7C3777A7A1}"
EndProject
Global
	GlobalSection(SolutionConfigurationPlatforms) = preSolution
		Debug|Any CPU = Debug|Any CPU
		Release|Any CPU = Release|Any CPU
	EndGlobalSection
	GlobalSection(ProjectConfigurationPlatforms) = postSolution
		{C8FCBAE6-3568-4316-9023-CC7C3777A7A1}.Debug|Any CPU.ActiveCfg = Debug|Any CPU
		{C8FCBAE6-3568-4316-9023-CC7C3777A7A1}.Debug|Any CPU.Build.0 = Debug|Any CPU
		{C8FCBAE6-3568-4316-9023-CC7C3777A7A1}.Release|Any CPU.ActiveCfg = Release|Any CPU
		{C8FCBAE6-3568-4316-9023-CC7C3777A7A1}.Release|Any CPU.Build.0 = Release|Any CPU
	EndGlobalSection
	GlobalSection(SolutionProperties) = preSolution
		HideSolutionNode = FALSE
	EndGlobalSection
	GlobalSection(ExtensibilityGlobals) = postSolution
		SolutionGuid = {9F8802BF-FB32-46BF-AD48-A9FA19BA1804}
	EndGlobalSection
EndGlobal
